// !$*UTF8*$!
{
	archiveVersion = 1;
	classes = {
	};
	objectVersion = 46;
	objects = {

/* Begin PBXBuildFile section */
		5A36A97C4FD6DE3CEA64AC80 /* Foundation.framework in Frameworks */ = {isa = PBXBuildFile; fileRef = 9C97644A33730E2C3A0FBD80 /* Foundation.framework */; };
		6A511BCFB276BE63C68554C2 /* Pods_RxSwiftPlayground.framework in Frameworks */ = {isa = PBXBuildFile; fileRef = DD62BBB6E514F46B121426E5 /* Pods_RxSwiftPlayground.framework */; };
/* End PBXBuildFile section */

/* Begin PBXFileReference section */
		2248CD170A7CFCC735882921 /* Pods-RxSwiftPlayground.release.xcconfig */ = {isa = PBXFileReference; includeInIndex = 1; lastKnownFileType = text.xcconfig; name = "Pods-RxSwiftPlayground.release.xcconfig"; path = "Pods/Target Support Files/Pods-RxSwiftPlayground/Pods-RxSwiftPlayground.release.xcconfig"; sourceTree = "<group>"; };
		7D2C0C56DBDD0AA902595A3F /* Pods-RxSwiftPlayground.debug.xcconfig */ = {isa = PBXFileReference; includeInIndex = 1; lastKnownFileType = text.xcconfig; name = "Pods-RxSwiftPlayground.debug.xcconfig"; path = "Pods/Target Support Files/Pods-RxSwiftPlayground/Pods-RxSwiftPlayground.debug.xcconfig"; sourceTree = "<group>"; };
		9C97644A33730E2C3A0FBD80 /* Foundation.framework */ = {isa = PBXFileReference; lastKnownFileType = wrapper.framework; name = Foundation.framework; path = Platforms/iPhoneOS.platform/Developer/SDKs/iPhoneOS10.3.sdk/System/Library/Frameworks/Foundation.framework; sourceTree = DEVELOPER_DIR; };
		CAD519DBEC329CAE77A8ADD5 /* RxSwiftPlayground.app */ = {isa = PBXFileReference; explicitFileType = wrapper.application; includeInIndex = 0; path = RxSwiftPlayground.app; sourceTree = BUILT_PRODUCTS_DIR; };
		DAB343081F5D6A6000BAE25A /* ex1.playground */ = {isa = PBXFileReference; lastKnownFileType = file.playground; path = ex1.playground; sourceTree = "<group>"; };
		DAB3430A1F5D8A1000BAE25A /* ex2.playground */ = {isa = PBXFileReference; lastKnownFileType = file.playground; path = ex2.playground; sourceTree = "<group>"; };
		DD62BBB6E514F46B121426E5 /* Pods_RxSwiftPlayground.framework */ = {isa = PBXFileReference; explicitFileType = wrapper.framework; includeInIndex = 0; path = Pods_RxSwiftPlayground.framework; sourceTree = BUILT_PRODUCTS_DIR; };
/* End PBXFileReference section */

/* Begin PBXFrameworksBuildPhase section */
		7B361416740D5136438261F0 /* Frameworks */ = {
			isa = PBXFrameworksBuildPhase;
			buildActionMask = 2147483647;
			files = (
				5A36A97C4FD6DE3CEA64AC80 /* Foundation.framework in Frameworks */,
				6A511BCFB276BE63C68554C2 /* Pods_RxSwiftPlayground.framework in Frameworks */,
			);
			runOnlyForDeploymentPostprocessing = 0;
		};
/* End PBXFrameworksBuildPhase section */

/* Begin PBXGroup section */
		012723C5FF261872F6BB0082 /* iOS */ = {
			isa = PBXGroup;
			children = (
				9C97644A33730E2C3A0FBD80 /* Foundation.framework */,
			);
			name = iOS;
			sourceTree = "<group>";
		};
		08AB6B9D7A293C936E7D4833 /* Frameworks */ = {
			isa = PBXGroup;
			children = (
				012723C5FF261872F6BB0082 /* iOS */,
				DD62BBB6E514F46B121426E5 /* Pods_RxSwiftPlayground.framework */,
			);
			name = Frameworks;
			sourceTree = "<group>";
		};
		481DBCFAE0D583017466211E = {
			isa = PBXGroup;
			children = (
				DAB3430A1F5D8A1000BAE25A /* ex2.playground */,
				DAB343081F5D6A6000BAE25A /* ex1.playground */,
				95196715D49BAD80E391B821 /* Products */,
				08AB6B9D7A293C936E7D4833 /* Frameworks */,
				C0B9C0C529D13133414DC409 /* Pods */,
			);
			sourceTree = "<group>";
		};
		95196715D49BAD80E391B821 /* Products */ = {
			isa = PBXGroup;
			children = (
				CAD519DBEC329CAE77A8ADD5 /* RxSwiftPlayground.app */,
			);
			name = Products;
			sourceTree = "<group>";
		};
		C0B9C0C529D13133414DC409 /* Pods */ = {
			isa = PBXGroup;
			children = (
				2248CD170A7CFCC735882921 /* Pods-RxSwiftPlayground.release.xcconfig */,
				7D2C0C56DBDD0AA902595A3F /* Pods-RxSwiftPlayground.debug.xcconfig */,
			);
			name = Pods;
			sourceTree = "<group>";
		};
/* End PBXGroup section */

/* Begin PBXNativeTarget section */
		2F6DF829CC9AE46FF9543FF2 /* RxSwiftPlayground */ = {
			isa = PBXNativeTarget;
			buildConfigurationList = 37140BCD1785EFF7D57327E2 /* Build configuration list for PBXNativeTarget "RxSwiftPlayground" */;
			buildPhases = (
				7C6030D583E1BFF41AB5CE1E /* [CP] Check Pods Manifest.lock */,
				154AD7441FF5120116F72EF2 /* Sources */,
				7B361416740D5136438261F0 /* Frameworks */,
				99AD07E45F09319B2A8BF62D /* [CP] Embed Pods Frameworks */,
				A305EE8511C38ABE71DC143E /* [CP] Copy Pods Resources */,
			);
			buildRules = (
			);
			dependencies = (
			);
			name = RxSwiftPlayground;
			productName = RxSwiftPlayground;
			productReference = CAD519DBEC329CAE77A8ADD5 /* RxSwiftPlayground.app */;
			productType = "com.apple.product-type.application";
		};
/* End PBXNativeTarget section */

/* Begin PBXProject section */
		0869EE348AB86AD5F0678C47 /* Project object */ = {
			isa = PBXProject;
			attributes = {
				LastSwiftUpdateCheck = 0830;
				LastUpgradeCheck = 0700;
			};
			buildConfigurationList = 47F923F4638F1AD120571309 /* Build configuration list for PBXProject "RxSwift" */;
			compatibilityVersion = "Xcode 3.2";
			developmentRegion = English;
			hasScannedForEncodings = 0;
			knownRegions = (
				en,
			);
			mainGroup = 481DBCFAE0D583017466211E;
			productRefGroup = 95196715D49BAD80E391B821 /* Products */;
			projectDirPath = "";
			projectRoot = "";
			targets = (
				2F6DF829CC9AE46FF9543FF2 /* RxSwiftPlayground */,
			);
		};
/* End PBXProject section */

/* Begin PBXShellScriptBuildPhase section */
		7C6030D583E1BFF41AB5CE1E /* [CP] Check Pods Manifest.lock */ = {
			isa = PBXShellScriptBuildPhase;
			buildActionMask = 2147483647;
			files = (
			);
			inputPaths = (
				"${PODS_PODFILE_DIR_PATH}/Podfile.lock",
				"${PODS_ROOT}/Manifest.lock",
			);
			name = "[CP] Check Pods Manifest.lock";
			outputPaths = (
				"$(DERIVED_FILE_DIR)/Pods-RxSwiftPlayground-checkManifestLockResult.txt",
			);
			runOnlyForDeploymentPostprocessing = 0;
			shellPath = /bin/sh;
			shellScript = "diff \"${PODS_PODFILE_DIR_PATH}/Podfile.lock\" \"${PODS_ROOT}/Manifest.lock\" > /dev/null\nif [ $? != 0 ] ; then\n    # print error to STDERR\n    echo \"error: The sandbox is not in sync with the Podfile.lock. Run 'pod install' or update your CocoaPods installation.\" >&2\n    exit 1\nfi\n# This output is used by Xcode 'outputs' to avoid re-running this script phase.\necho \"SUCCESS\" > \"${SCRIPT_OUTPUT_FILE_0}\"\n";
			showEnvVarsInLog = 0;
		};
		99AD07E45F09319B2A8BF62D /* [CP] Embed Pods Frameworks */ = {
			isa = PBXShellScriptBuildPhase;
			buildActionMask = 2147483647;
			files = (
			);
			inputPaths = (
				"${SRCROOT}/Pods/Target Support Files/Pods-RxSwiftPlayground/Pods-RxSwiftPlayground-frameworks.sh",
				"${BUILT_PRODUCTS_DIR}/RxCocoa/RxCocoa.framework",
				"${BUILT_PRODUCTS_DIR}/RxSwift/RxSwift.framework",
			);
			name = "[CP] Embed Pods Frameworks";
			outputPaths = (
				"${TARGET_BUILD_DIR}/${FRAMEWORKS_FOLDER_PATH}/RxCocoa.framework",
				"${TARGET_BUILD_DIR}/${FRAMEWORKS_FOLDER_PATH}/RxSwift.framework",
			);
			runOnlyForDeploymentPostprocessing = 0;
			shellPath = /bin/sh;
			shellScript = "\"${SRCROOT}/Pods/Target Support Files/Pods-RxSwiftPlayground/Pods-RxSwiftPlayground-frameworks.sh\"\n";
			showEnvVarsInLog = 0;
		};
		A305EE8511C38ABE71DC143E /* [CP] Copy Pods Resources */ = {
			isa = PBXShellScriptBuildPhase;
			buildActionMask = 2147483647;
			files = (
			);
			inputPaths = (
			);
			name = "[CP] Copy Pods Resources";
			outputPaths = (
			);
			runOnlyForDeploymentPostprocessing = 0;
			shellPath = /bin/sh;
			shellScript = "\"${SRCROOT}/Pods/Target Support Files/Pods-RxSwiftPlayground/Pods-RxSwiftPlayground-resources.sh\"\n";
			showEnvVarsInLog = 0;
		};
/* End PBXShellScriptBuildPhase section */

/* Begin PBXSourcesBuildPhase section */
		154AD7441FF5120116F72EF2 /* Sources */ = {
			isa = PBXSourcesBuildPhase;
			buildActionMask = 2147483647;
			files = (
			);
			runOnlyForDeploymentPostprocessing = 0;
		};
/* End PBXSourcesBuildPhase section */

/* Begin XCBuildConfiguration section */
		052ABD1D771EDDFB16DD60F7 /* Release */ = {
			isa = XCBuildConfiguration;
			buildSettings = {
				ALWAYS_SEARCH_USER_PATHS = NO;
				CLANG_ANALYZER_NONNULL = YES;
				CLANG_ANALYZER_NUMBER_OBJECT_CONVERSION = YES;
				CLANG_CXX_LANGUAGE_STANDARD = "gnu++0x";
				CLANG_CXX_LIBRARY = "libc++";
				CLANG_ENABLE_MODULES = YES;
				CLANG_ENABLE_OBJC_ARC = YES;
				CLANG_WARN_BOOL_CONVERSION = YES;
				CLANG_WARN_CONSTANT_CONVERSION = YES;
				CLANG_WARN_DIRECT_OBJC_ISA_USAGE = YES;
				CLANG_WARN_DOCUMENTATION_COMMENTS = YES;
				CLANG_WARN_EMPTY_BODY = YES;
				CLANG_WARN_ENUM_CONVERSION = YES;
				CLANG_WARN_INFINITE_RECURSION = YES;
				CLANG_WARN_INT_CONVERSION = YES;
				CLANG_WARN_OBJC_ROOT_CLASS = YES;
				CLANG_WARN_SUSPICIOUS_MOVE = YES;
				CLANG_WARN_UNREACHABLE_CODE = YES;
				CLANG_WARN__DUPLICATE_METHOD_MATCH = YES;
				COPY_PHASE_STRIP = YES;
				ENABLE_NS_ASSERTIONS = NO;
				GCC_C_LANGUAGE_STANDARD = gnu99;
				GCC_WARN_64_TO_32_BIT_CONVERSION = YES;
				GCC_WARN_ABOUT_RETURN_TYPE = YES;
				GCC_WARN_UNDECLARED_SELECTOR = YES;
				GCC_WARN_UNINITIALIZED_AUTOS = YES;
				GCC_WARN_UNUSED_FUNCTION = YES;
				GCC_WARN_UNUSED_VARIABLE = YES;
				VALIDATE_PRODUCT = YES;
			};
			name = Release;
		};
		369924E9074C0B0EF0182E2F /* Debug */ = {
			isa = XCBuildConfiguration;
			baseConfigurationReference = 7D2C0C56DBDD0AA902595A3F /* Pods-RxSwiftPlayground.debug.xcconfig */;
			buildSettings = {
				ASSETCATALOG_COMPILER_APPICON_NAME = AppIcon;
				ASSETCATALOG_COMPILER_LAUNCHIMAGE_NAME = LaunchImage;
				CODE_SIGNING_ALLOWED = NO;
				CODE_SIGNING_REQUIRED = NO;
				"CODE_SIGN_IDENTITY[sdk=iphoneos*]" = "";
				DEBUG_INFORMATION_FORMAT = dwarf;
				DEFINES_MODULE = NO;
				EMBEDDED_CONTENT_CONTAINS_SWIFT = NO;
				ENABLE_STRICT_OBJC_MSGSEND = YES;
				GCC_NO_COMMON_BLOCKS = YES;
				IPHONEOS_DEPLOYMENT_TARGET = 10.3;
				LD_RUNPATH_SEARCH_PATHS = "$(inherited) @executable_path/Frameworks";
				MTL_ENABLE_DEBUG_INFO = YES;
				PRODUCT_NAME = "$(TARGET_NAME)";
				SDKROOT = iphoneos;
				TARGETED_DEVICE_FAMILY = "1,2";
			};
			name = Debug;
		};
		C1B9EC29E3621622BAE0D7DF /* Release */ = {
			isa = XCBuildConfiguration;
			baseConfigurationReference = 2248CD170A7CFCC735882921 /* Pods-RxSwiftPlayground.release.xcconfig */;
			buildSettings = {
				ASSETCATALOG_COMPILER_APPICON_NAME = AppIcon;
				ASSETCATALOG_COMPILER_LAUNCHIMAGE_NAME = LaunchImage;
				CODE_SIGNING_ALLOWED = NO;
				CODE_SIGNING_REQUIRED = NO;
				"CODE_SIGN_IDENTITY[sdk=iphoneos*]" = "";
				DEBUG_INFORMATION_FORMAT = "dwarf-with-dsym";
				DEFINES_MODULE = NO;
				EMBEDDED_CONTENT_CONTAINS_SWIFT = NO;
				ENABLE_STRICT_OBJC_MSGSEND = YES;
				GCC_NO_COMMON_BLOCKS = YES;
				IPHONEOS_DEPLOYMENT_TARGET = 10.3;
				LD_RUNPATH_SEARCH_PATHS = "$(inherited) @executable_path/Frameworks";
				MTL_ENABLE_DEBUG_INFO = NO;
				PRODUCT_NAME = "$(TARGET_NAME)";
				SDKROOT = iphoneos;
				TARGETED_DEVICE_FAMILY = "1,2";
			};
			name = Release;
		};
		C2EE4086A70EA94446BB5EBA /* Debug */ = {
			isa = XCBuildConfiguration;
			buildSettings = {
				ALWAYS_SEARCH_USER_PATHS = NO;
				CLANG_ANALYZER_NONNULL = YES;
				CLANG_ANALYZER_NUMBER_OBJECT_CONVERSION = YES;
				CLANG_CXX_LANGUAGE_STANDARD = "gnu++0x";
				CLANG_CXX_LIBRARY = "libc++";
				CLANG_ENABLE_MODULES = YES;
				CLANG_ENABLE_OBJC_ARC = YES;
				CLANG_WARN_BOOL_CONVERSION = YES;
				CLANG_WARN_CONSTANT_CONVERSION = YES;
				CLANG_WARN_DIRECT_OBJC_ISA_USAGE = YES;
				CLANG_WARN_DOCUMENTATION_COMMENTS = YES;
				CLANG_WARN_EMPTY_BODY = YES;
				CLANG_WARN_ENUM_CONVERSION = YES;
				CLANG_WARN_INFINITE_RECURSION = YES;
				CLANG_WARN_INT_CONVERSION = YES;
				CLANG_WARN_OBJC_ROOT_CLASS = YES;
				CLANG_WARN_SUSPICIOUS_MOVE = YES;
				CLANG_WARN_UNREACHABLE_CODE = YES;
				CLANG_WARN__DUPLICATE_METHOD_MATCH = YES;
				COPY_PHASE_STRIP = NO;
				ENABLE_TESTABILITY = YES;
				GCC_C_LANGUAGE_STANDARD = gnu99;
				GCC_DYNAMIC_NO_PIC = NO;
				GCC_OPTIMIZATION_LEVEL = 0;
				GCC_PREPROCESSOR_DEFINITIONS = (
					"DEBUG=1",
					"$(inherited)",
				);
				GCC_SYMBOLS_PRIVATE_EXTERN = NO;
				GCC_WARN_64_TO_32_BIT_CONVERSION = YES;
				GCC_WARN_ABOUT_RETURN_TYPE = YES;
				GCC_WARN_UNDECLARED_SELECTOR = YES;
				GCC_WARN_UNINITIALIZED_AUTOS = YES;
				GCC_WARN_UNUSED_FUNCTION = YES;
				GCC_WARN_UNUSED_VARIABLE = YES;
				ONLY_ACTIVE_ARCH = YES;
			};
			name = Debug;
		};
/* End XCBuildConfiguration section */

/* Begin XCConfigurationList section */
		37140BCD1785EFF7D57327E2 /* Build configuration list for PBXNativeTarget "RxSwiftPlayground" */ = {
			isa = XCConfigurationList;
			buildConfigurations = (
				C1B9EC29E3621622BAE0D7DF /* Release */,
				369924E9074C0B0EF0182E2F /* Debug */,
			);
			defaultConfigurationIsVisible = 0;
			defaultConfigurationName = Release;
		};
		47F923F4638F1AD120571309 /* Build configuration list for PBXProject "RxSwift" */ = {
			isa = XCConfigurationList;
			buildConfigurations = (
				C2EE4086A70EA94446BB5EBA /* Debug */,
				052ABD1D771EDDFB16DD60F7 /* Release */,
			);
			defaultConfigurationIsVisible = 0;
			defaultConfigurationName = Release;
		};
/* End XCConfigurationList section */
	};
	rootObject = 0869EE348AB86AD5F0678C47 /* Project object */;
}
